
Microsoft Visual Studio Solution File, Format Version 12.00
# Visual Studio Version 16
VisualStudioVersion = 16.0.31702.278
MinimumVisualStudioVersion = 10.0.40219.1
Project("{FAE04EC0-301F-11D3-BF4B-00C04F79EFBC}") = "Task 03.3", "Task 03.3\Task 03.3.csproj", "{86FF114D-EBC5-4BB7-85FF-13F9E5D8F120}"
EndProject
Global
	GlobalSection(SolutionConfigurationPlatforms) = preSolution
		Debug|Any CPU = Debug|Any CPU
		Release|Any CPU = Release|Any CPU
	EndGlobalSection
	GlobalSection(ProjectConfigurationPlatforms) = postSolution
		{86FF114D-EBC5-4BB7-85FF-13F9E5D8F120}.Debug|Any CPU.ActiveCfg = Debug|Any CPU
		{86FF114D-EBC5-4BB7-85FF-13F9E5D8F120}.Debug|Any CPU.Build.0 = Debug|Any CPU
		{86FF114D-EBC5-4BB7-85FF-13F9E5D8F120}.Release|Any CPU.ActiveCfg = Release|Any CPU
		{86FF114D-EBC5-4BB7-85FF-13F9E5D8F120}.Release|Any CPU.Build.0 = Release|Any CPU
	EndGlobalSection
	GlobalSection(SolutionProperties) = preSolution
		HideSolutionNode = FALSE
	EndGlobalSection
	GlobalSection(ExtensibilityGlobals) = postSolution
		SolutionGuid = {3A915A9E-34AA-4E0E-9273-BBF52F762FEC}
	EndGlobalSection
EndGlobal
